
Microsoft Visual Studio Solution File, Format Version 12.00
# Visual Studio Version 17
VisualStudioVersion = 17.0.31903.59
MinimumVisualStudioVersion = 10.0.40219.1
Project("{2150E333-8FDC-42A3-9474-1A3956D46DE8}") = "src", "src", "{827E0CD3-B72D-47B6-A68D-7590B98EB39B}"
EndProject
Project("{FAE04EC0-301F-11D3-BF4B-00C04F79EFBC}") = "IoTSpy.Core", "src\IoTSpy.Core\IoTSpy.Core.csproj", "{584CCF0B-E71C-41ED-B7DA-BF2932CD6E21}"
EndProject
Project("{FAE04EC0-301F-11D3-BF4B-00C04F79EFBC}") = "IoTSpy.Proxy", "src\IoTSpy.Proxy\IoTSpy.Proxy.csproj", "{374B8450-DA3C-4AB2-89B8-D082E938D05B}"
EndProject
Project("{FAE04EC0-301F-11D3-BF4B-00C04F79EFBC}") = "IoTSpy.Protocols", "src\IoTSpy.Protocols\IoTSpy.Protocols.csproj", "{26F1F7E4-36B1-44F3-906A-4B2B7E12BE89}"
EndProject
Project("{FAE04EC0-301F-11D3-BF4B-00C04F79EFBC}") = "IoTSpy.Scanner", "src\IoTSpy.Scanner\IoTSpy.Scanner.csproj", "{89F7F56C-4CED-4200-B364-FD9755B49F3C}"
EndProject
Project("{FAE04EC0-301F-11D3-BF4B-00C04F79EFBC}") = "IoTSpy.Manipulation", "src\IoTSpy.Manipulation\IoTSpy.Manipulation.csproj", "{62613F9B-4439-4708-8AD6-A5F8AB959AF9}"
EndProject
Project("{FAE04EC0-301F-11D3-BF4B-00C04F79EFBC}") = "IoTSpy.Storage", "src\IoTSpy.Storage\IoTSpy.Storage.csproj", "{5F5B5625-BDFA-45C5-82C5-D48181B1E8AC}"
EndProject
Project("{FAE04EC0-301F-11D3-BF4B-00C04F79EFBC}") = "IoTSpy.Api", "src\IoTSpy.Api\IoTSpy.Api.csproj", "{92CED202-8512-48D8-94A6-40FA86DBA809}"
EndProject
Project("{2150E333-8FDC-42A3-9474-1A3956D46DE8}") = "tests", "tests", "{A1B2C3D4-E5F6-7890-ABCD-EF1234567890}"
EndProject
Project("{FAE04EC0-301F-11D3-BF4B-00C04F79EFBC}") = "IoTSpy.Protocols.Tests", "src\IoTSpy.Protocols.Tests\IoTSpy.Protocols.Tests.csproj", "{D1E2F3A4-B5C6-7890-1234-567890ABCDEF}"
EndProject
Project("{FAE04EC0-301F-11D3-BF4B-00C04F79EFBC}") = "IoTSpy.Scanner.Tests", "src\IoTSpy.Scanner.Tests\IoTSpy.Scanner.Tests.csproj", "{E2F3A4B5-C6D7-8901-2345-678901BCDEF0}"
EndProject
Project("{FAE04EC0-301F-11D3-BF4B-00C04F79EFBC}") = "IoTSpy.Manipulation.Tests", "src\IoTSpy.Manipulation.Tests\IoTSpy.Manipulation.Tests.csproj", "{F3A4B5C6-D7E8-9012-3456-789012CDEF01}"
EndProject
Project("{FAE04EC0-301F-11D3-BF4B-00C04F79EFBC}") = "IoTSpy.Api.Tests", "src\IoTSpy.Api.Tests\IoTSpy.Api.Tests.csproj", "{A4B5C6D7-E8F9-0123-4567-890123DEF012}"
EndProject
Project("{FAE04EC0-301F-11D3-BF4B-00C04F79EFBC}") = "IoTSpy.Proxy.Tests", "src\IoTSpy.Proxy.Tests\IoTSpy.Proxy.Tests.csproj", "{B5C6D7E8-F901-2345-6789-01234EF0123A}"
EndProject
Project("{FAE04EC0-301F-11D3-BF4B-00C04F79EFBC}") = "IoTSpy.Storage.Tests", "src\IoTSpy.Storage.Tests\IoTSpy.Storage.Tests.csproj", "{C6D7E8F9-0123-4567-89AB-234567F01234}"
EndProject
Project("{FAE04EC0-301F-11D3-BF4B-00C04F79EFBC}") = "IoTSpy.Api.IntegrationTests", "src\IoTSpy.Api.IntegrationTests\IoTSpy.Api.IntegrationTests.csproj", "{D7E8F901-2345-6789-ABCD-34567801234B}"
EndProject
Global
	GlobalSection(SolutionConfigurationPlatforms) = preSolution
		Debug|Any CPU = Debug|Any CPU
		Debug|x64 = Debug|x64
		Debug|x86 = Debug|x86
		Release|Any CPU = Release|Any CPU
		Release|x64 = Release|x64
		Release|x86 = Release|x86
	EndGlobalSection
	GlobalSection(ProjectConfigurationPlatforms) = postSolution
		{584CCF0B-E71C-41ED-B7DA-BF2932CD6E21}.Debug|Any CPU.ActiveCfg = Debug|Any CPU
		{584CCF0B-E71C-41ED-B7DA-BF2932CD6E21}.Debug|Any CPU.Build.0 = Debug|Any CPU
		{584CCF0B-E71C-41ED-B7DA-BF2932CD6E21}.Debug|x64.ActiveCfg = Debug|Any CPU
		{584CCF0B-E71C-41ED-B7DA-BF2932CD6E21}.Debug|x64.Build.0 = Debug|Any CPU
		{584CCF0B-E71C-41ED-B7DA-BF2932CD6E21}.Debug|x86.ActiveCfg = Debug|Any CPU
		{584CCF0B-E71C-41ED-B7DA-BF2932CD6E21}.Debug|x86.Build.0 = Debug|Any CPU
		{584CCF0B-E71C-41ED-B7DA-BF2932CD6E21}.Release|Any CPU.ActiveCfg = Release|Any CPU
		{584CCF0B-E71C-41ED-B7DA-BF2932CD6E21}.Release|Any CPU.Build.0 = Release|Any CPU
		{584CCF0B-E71C-41ED-B7DA-BF2932CD6E21}.Release|x64.ActiveCfg = Release|Any CPU
		{584CCF0B-E71C-41ED-B7DA-BF2932CD6E21}.Release|x64.Build.0 = Release|Any CPU
		{584CCF0B-E71C-41ED-B7DA-BF2932CD6E21}.Release|x86.ActiveCfg = Release|Any CPU
		{584CCF0B-E71C-41ED-B7DA-BF2932CD6E21}.Release|x86.Build.0 = Release|Any CPU
		{374B8450-DA3C-4AB2-89B8-D082E938D05B}.Debug|Any CPU.ActiveCfg = Debug|Any CPU
		{374B8450-DA3C-4AB2-89B8-D082E938D05B}.Debug|Any CPU.Build.0 = Debug|Any CPU
		{374B8450-DA3C-4AB2-89B8-D082E938D05B}.Debug|x64.ActiveCfg = Debug|Any CPU
		{374B8450-DA3C-4AB2-89B8-D082E938D05B}.Debug|x64.Build.0 = Debug|Any CPU
		{374B8450-DA3C-4AB2-89B8-D082E938D05B}.Debug|x86.ActiveCfg = Debug|Any CPU
		{374B8450-DA3C-4AB2-89B8-D082E938D05B}.Debug|x86.Build.0 = Debug|Any CPU
		{374B8450-DA3C-4AB2-89B8-D082E938D05B}.Release|Any CPU.ActiveCfg = Release|Any CPU
		{374B8450-DA3C-4AB2-89B8-D082E938D05B}.Release|Any CPU.Build.0 = Release|Any CPU
		{374B8450-DA3C-4AB2-89B8-D082E938D05B}.Release|x64.ActiveCfg = Release|Any CPU
		{374B8450-DA3C-4AB2-89B8-D082E938D05B}.Release|x64.Build.0 = Release|Any CPU
		{374B8450-DA3C-4AB2-89B8-D082E938D05B}.Release|x86.ActiveCfg = Release|Any CPU
		{374B8450-DA3C-4AB2-89B8-D082E938D05B}.Release|x86.Build.0 = Release|Any CPU
		{26F1F7E4-36B1-44F3-906A-4B2B7E12BE89}.Debug|Any CPU.ActiveCfg = Debug|Any CPU
		{26F1F7E4-36B1-44F3-906A-4B2B7E12BE89}.Debug|Any CPU.Build.0 = Debug|Any CPU
		{26F1F7E4-36B1-44F3-906A-4B2B7E12BE89}.Debug|x64.ActiveCfg = Debug|Any CPU
		{26F1F7E4-36B1-44F3-906A-4B2B7E12BE89}.Debug|x64.Build.0 = Debug|Any CPU
		{26F1F7E4-36B1-44F3-906A-4B2B7E12BE89}.Debug|x86.ActiveCfg = Debug|Any CPU
		{26F1F7E4-36B1-44F3-906A-4B2B7E12BE89}.Debug|x86.Build.0 = Debug|Any CPU
		{26F1F7E4-36B1-44F3-906A-4B2B7E12BE89}.Release|Any CPU.ActiveCfg = Release|Any CPU
		{26F1F7E4-36B1-44F3-906A-4B2B7E12BE89}.Release|Any CPU.Build.0 = Release|Any CPU
		{26F1F7E4-36B1-44F3-906A-4B2B7E12BE89}.Release|x64.ActiveCfg = Release|Any CPU
		{26F1F7E4-36B1-44F3-906A-4B2B7E12BE89}.Release|x64.Build.0 = Release|Any CPU
		{26F1F7E4-36B1-44F3-906A-4B2B7E12BE89}.Release|x86.ActiveCfg = Release|Any CPU
		{26F1F7E4-36B1-44F3-906A-4B2B7E12BE89}.Release|x86.Build.0 = Release|Any CPU
		{89F7F56C-4CED-4200-B364-FD9755B49F3C}.Debug|Any CPU.ActiveCfg = Debug|Any CPU
		{89F7F56C-4CED-4200-B364-FD9755B49F3C}.Debug|Any CPU.Build.0 = Debug|Any CPU
		{89F7F56C-4CED-4200-B364-FD9755B49F3C}.Debug|x64.ActiveCfg = Debug|Any CPU
		{89F7F56C-4CED-4200-B364-FD9755B49F3C}.Debug|x64.Build.0 = Debug|Any CPU
		{89F7F56C-4CED-4200-B364-FD9755B49F3C}.Debug|x86.ActiveCfg = Debug|Any CPU
		{89F7F56C-4CED-4200-B364-FD9755B49F3C}.Debug|x86.Build.0 = Debug|Any CPU
		{89F7F56C-4CED-4200-B364-FD9755B49F3C}.Release|Any CPU.ActiveCfg = Release|Any CPU
		{89F7F56C-4CED-4200-B364-FD9755B49F3C}.Release|Any CPU.Build.0 = Release|Any CPU
		{89F7F56C-4CED-4200-B364-FD9755B49F3C}.Release|x64.ActiveCfg = Release|Any CPU
		{89F7F56C-4CED-4200-B364-FD9755B49F3C}.Release|x64.Build.0 = Release|Any CPU
		{89F7F56C-4CED-4200-B364-FD9755B49F3C}.Release|x86.ActiveCfg = Release|Any CPU
		{89F7F56C-4CED-4200-B364-FD9755B49F3C}.Release|x86.Build.0 = Release|Any CPU
		{62613F9B-4439-4708-8AD6-A5F8AB959AF9}.Debug|Any CPU.ActiveCfg = Debug|Any CPU
		{62613F9B-4439-4708-8AD6-A5F8AB959AF9}.Debug|Any CPU.Build.0 = Debug|Any CPU
		{62613F9B-4439-4708-8AD6-A5F8AB959AF9}.Debug|x64.ActiveCfg = Debug|Any CPU
		{62613F9B-4439-4708-8AD6-A5F8AB959AF9}.Debug|x64.Build.0 = Debug|Any CPU
		{62613F9B-4439-4708-8AD6-A5F8AB959AF9}.Debug|x86.ActiveCfg = Debug|Any CPU
		{62613F9B-4439-4708-8AD6-A5F8AB959AF9}.Debug|x86.Build.0 = Debug|Any CPU
		{62613F9B-4439-4708-8AD6-A5F8AB959AF9}.Release|Any CPU.ActiveCfg = Release|Any CPU
		{62613F9B-4439-4708-8AD6-A5F8AB959AF9}.Release|Any CPU.Build.0 = Release|Any CPU
		{62613F9B-4439-4708-8AD6-A5F8AB959AF9}.Release|x64.ActiveCfg = Release|Any CPU
		{62613F9B-4439-4708-8AD6-A5F8AB959AF9}.Release|x64.Build.0 = Release|Any CPU
		{62613F9B-4439-4708-8AD6-A5F8AB959AF9}.Release|x86.ActiveCfg = Release|Any CPU
		{62613F9B-4439-4708-8AD6-A5F8AB959AF9}.Release|x86.Build.0 = Release|Any CPU
		{5F5B5625-BDFA-45C5-82C5-D48181B1E8AC}.Debug|Any CPU.ActiveCfg = Debug|Any CPU
		{5F5B5625-BDFA-45C5-82C5-D48181B1E8AC}.Debug|Any CPU.Build.0 = Debug|Any CPU
		{5F5B5625-BDFA-45C5-82C5-D48181B1E8AC}.Debug|x64.ActiveCfg = Debug|Any CPU
		{5F5B5625-BDFA-45C5-82C5-D48181B1E8AC}.Debug|x64.Build.0 = Debug|Any CPU
		{5F5B5625-BDFA-45C5-82C5-D48181B1E8AC}.Debug|x86.ActiveCfg = Debug|Any CPU
		{5F5B5625-BDFA-45C5-82C5-D48181B1E8AC}.Debug|x86.Build.0 = Debug|Any CPU
		{5F5B5625-BDFA-45C5-82C5-D48181B1E8AC}.Release|Any CPU.ActiveCfg = Release|Any CPU
		{5F5B5625-BDFA-45C5-82C5-D48181B1E8AC}.Release|Any CPU.Build.0 = Release|Any CPU
		{5F5B5625-BDFA-45C5-82C5-D48181B1E8AC}.Release|x64.ActiveCfg = Release|Any CPU
		{5F5B5625-BDFA-45C5-82C5-D48181B1E8AC}.Release|x64.Build.0 = Release|Any CPU
		{5F5B5625-BDFA-45C5-82C5-D48181B1E8AC}.Release|x86.ActiveCfg = Release|Any CPU
		{5F5B5625-BDFA-45C5-82C5-D48181B1E8AC}.Release|x86.Build.0 = Release|Any CPU
		{92CED202-8512-48D8-94A6-40FA86DBA809}.Debug|Any CPU.ActiveCfg = Debug|Any CPU
		{92CED202-8512-48D8-94A6-40FA86DBA809}.Debug|Any CPU.Build.0 = Debug|Any CPU
		{92CED202-8512-48D8-94A6-40FA86DBA809}.Debug|x64.ActiveCfg = Debug|Any CPU
		{92CED202-8512-48D8-94A6-40FA86DBA809}.Debug|x64.Build.0 = Debug|Any CPU
		{92CED202-8512-48D8-94A6-40FA86DBA809}.Debug|x86.ActiveCfg = Debug|Any CPU
		{92CED202-8512-48D8-94A6-40FA86DBA809}.Debug|x86.Build.0 = Debug|Any CPU
		{92CED202-8512-48D8-94A6-40FA86DBA809}.Release|Any CPU.ActiveCfg = Release|Any CPU
		{92CED202-8512-48D8-94A6-40FA86DBA809}.Release|Any CPU.Build.0 = Release|Any CPU
		{92CED202-8512-48D8-94A6-40FA86DBA809}.Release|x64.ActiveCfg = Release|Any CPU
		{92CED202-8512-48D8-94A6-40FA86DBA809}.Release|x64.Build.0 = Release|Any CPU
		{92CED202-8512-48D8-94A6-40FA86DBA809}.Release|x86.ActiveCfg = Release|Any CPU
		{92CED202-8512-48D8-94A6-40FA86DBA809}.Release|x86.Build.0 = Release|Any CPU
		{D1E2F3A4-B5C6-7890-1234-567890ABCDEF}.Debug|Any CPU.ActiveCfg = Debug|Any CPU
		{D1E2F3A4-B5C6-7890-1234-567890ABCDEF}.Debug|Any CPU.Build.0 = Debug|Any CPU
		{D1E2F3A4-B5C6-7890-1234-567890ABCDEF}.Debug|x64.ActiveCfg = Debug|Any CPU
		{D1E2F3A4-B5C6-7890-1234-567890ABCDEF}.Debug|x64.Build.0 = Debug|Any CPU
		{D1E2F3A4-B5C6-7890-1234-567890ABCDEF}.Debug|x86.ActiveCfg = Debug|Any CPU
		{D1E2F3A4-B5C6-7890-1234-567890ABCDEF}.Debug|x86.Build.0 = Debug|Any CPU
		{D1E2F3A4-B5C6-7890-1234-567890ABCDEF}.Release|Any CPU.ActiveCfg = Release|Any CPU
		{D1E2F3A4-B5C6-7890-1234-567890ABCDEF}.Release|Any CPU.Build.0 = Release|Any CPU
		{D1E2F3A4-B5C6-7890-1234-567890ABCDEF}.Release|x64.ActiveCfg = Release|Any CPU
		{D1E2F3A4-B5C6-7890-1234-567890ABCDEF}.Release|x64.Build.0 = Release|Any CPU
		{D1E2F3A4-B5C6-7890-1234-567890ABCDEF}.Release|x86.ActiveCfg = Release|Any CPU
		{D1E2F3A4-B5C6-7890-1234-567890ABCDEF}.Release|x86.Build.0 = Release|Any CPU
		{E2F3A4B5-C6D7-8901-2345-678901BCDEF0}.Debug|Any CPU.ActiveCfg = Debug|Any CPU
		{E2F3A4B5-C6D7-8901-2345-678901BCDEF0}.Debug|Any CPU.Build.0 = Debug|Any CPU
		{E2F3A4B5-C6D7-8901-2345-678901BCDEF0}.Debug|x64.ActiveCfg = Debug|Any CPU
		{E2F3A4B5-C6D7-8901-2345-678901BCDEF0}.Debug|x64.Build.0 = Debug|Any CPU
		{E2F3A4B5-C6D7-8901-2345-678901BCDEF0}.Debug|x86.ActiveCfg = Debug|Any CPU
		{E2F3A4B5-C6D7-8901-2345-678901BCDEF0}.Debug|x86.Build.0 = Debug|Any CPU
		{E2F3A4B5-C6D7-8901-2345-678901BCDEF0}.Release|Any CPU.ActiveCfg = Release|Any CPU
		{E2F3A4B5-C6D7-8901-2345-678901BCDEF0}.Release|Any CPU.Build.0 = Release|Any CPU
		{E2F3A4B5-C6D7-8901-2345-678901BCDEF0}.Release|x64.ActiveCfg = Release|Any CPU
		{E2F3A4B5-C6D7-8901-2345-678901BCDEF0}.Release|x64.Build.0 = Release|Any CPU
		{E2F3A4B5-C6D7-8901-2345-678901BCDEF0}.Release|x86.ActiveCfg = Release|Any CPU
		{E2F3A4B5-C6D7-8901-2345-678901BCDEF0}.Release|x86.Build.0 = Release|Any CPU
		{F3A4B5C6-D7E8-9012-3456-789012CDEF01}.Debug|Any CPU.ActiveCfg = Debug|Any CPU
		{F3A4B5C6-D7E8-9012-3456-789012CDEF01}.Debug|Any CPU.Build.0 = Debug|Any CPU
		{F3A4B5C6-D7E8-9012-3456-789012CDEF01}.Debug|x64.ActiveCfg = Debug|Any CPU
		{F3A4B5C6-D7E8-9012-3456-789012CDEF01}.Debug|x64.Build.0 = Debug|Any CPU
		{F3A4B5C6-D7E8-9012-3456-789012CDEF01}.Debug|x86.ActiveCfg = Debug|Any CPU
		{F3A4B5C6-D7E8-9012-3456-789012CDEF01}.Debug|x86.Build.0 = Debug|Any CPU
		{F3A4B5C6-D7E8-9012-3456-789012CDEF01}.Release|Any CPU.ActiveCfg = Release|Any CPU
		{F3A4B5C6-D7E8-9012-3456-789012CDEF01}.Release|Any CPU.Build.0 = Release|Any CPU
		{F3A4B5C6-D7E8-9012-3456-789012CDEF01}.Release|x64.ActiveCfg = Release|Any CPU
		{F3A4B5C6-D7E8-9012-3456-789012CDEF01}.Release|x64.Build.0 = Release|Any CPU
		{F3A4B5C6-D7E8-9012-3456-789012CDEF01}.Release|x86.ActiveCfg = Release|Any CPU
		{F3A4B5C6-D7E8-9012-3456-789012CDEF01}.Release|x86.Build.0 = Release|Any CPU
		{A4B5C6D7-E8F9-0123-4567-890123DEF012}.Debug|Any CPU.ActiveCfg = Debug|Any CPU
		{A4B5C6D7-E8F9-0123-4567-890123DEF012}.Debug|Any CPU.Build.0 = Debug|Any CPU
		{A4B5C6D7-E8F9-0123-4567-890123DEF012}.Debug|x64.ActiveCfg = Debug|Any CPU
		{A4B5C6D7-E8F9-0123-4567-890123DEF012}.Debug|x64.Build.0 = Debug|Any CPU
		{A4B5C6D7-E8F9-0123-4567-890123DEF012}.Debug|x86.ActiveCfg = Debug|Any CPU
		{A4B5C6D7-E8F9-0123-4567-890123DEF012}.Debug|x86.Build.0 = Debug|Any CPU
		{A4B5C6D7-E8F9-0123-4567-890123DEF012}.Release|Any CPU.ActiveCfg = Release|Any CPU
		{A4B5C6D7-E8F9-0123-4567-890123DEF012}.Release|Any CPU.Build.0 = Release|Any CPU
		{A4B5C6D7-E8F9-0123-4567-890123DEF012}.Release|x64.ActiveCfg = Release|Any CPU
		{A4B5C6D7-E8F9-0123-4567-890123DEF012}.Release|x64.Build.0 = Release|Any CPU
		{A4B5C6D7-E8F9-0123-4567-890123DEF012}.Release|x86.ActiveCfg = Release|Any CPU
		{A4B5C6D7-E8F9-0123-4567-890123DEF012}.Release|x86.Build.0 = Release|Any CPU
		{B5C6D7E8-F901-2345-6789-01234EF0123A}.Debug|Any CPU.ActiveCfg = Debug|Any CPU
		{B5C6D7E8-F901-2345-6789-01234EF0123A}.Debug|Any CPU.Build.0 = Debug|Any CPU
		{B5C6D7E8-F901-2345-6789-01234EF0123A}.Debug|x64.ActiveCfg = Debug|Any CPU
		{B5C6D7E8-F901-2345-6789-01234EF0123A}.Debug|x64.Build.0 = Debug|Any CPU
		{B5C6D7E8-F901-2345-6789-01234EF0123A}.Debug|x86.ActiveCfg = Debug|Any CPU
		{B5C6D7E8-F901-2345-6789-01234EF0123A}.Debug|x86.Build.0 = Debug|Any CPU
		{B5C6D7E8-F901-2345-6789-01234EF0123A}.Release|Any CPU.ActiveCfg = Release|Any CPU
		{B5C6D7E8-F901-2345-6789-01234EF0123A}.Release|Any CPU.Build.0 = Release|Any CPU
		{B5C6D7E8-F901-2345-6789-01234EF0123A}.Release|x64.ActiveCfg = Release|Any CPU
		{B5C6D7E8-F901-2345-6789-01234EF0123A}.Release|x64.Build.0 = Release|Any CPU
		{B5C6D7E8-F901-2345-6789-01234EF0123A}.Release|x86.ActiveCfg = Release|Any CPU
		{B5C6D7E8-F901-2345-6789-01234EF0123A}.Release|x86.Build.0 = Release|Any CPU
		{C6D7E8F9-0123-4567-89AB-234567F01234}.Debug|Any CPU.ActiveCfg = Debug|Any CPU
		{C6D7E8F9-0123-4567-89AB-234567F01234}.Debug|Any CPU.Build.0 = Debug|Any CPU
		{C6D7E8F9-0123-4567-89AB-234567F01234}.Debug|x64.ActiveCfg = Debug|Any CPU
		{C6D7E8F9-0123-4567-89AB-234567F01234}.Debug|x64.Build.0 = Debug|Any CPU
		{C6D7E8F9-0123-4567-89AB-234567F01234}.Debug|x86.ActiveCfg = Debug|Any CPU
		{C6D7E8F9-0123-4567-89AB-234567F01234}.Debug|x86.Build.0 = Debug|Any CPU
		{C6D7E8F9-0123-4567-89AB-234567F01234}.Release|Any CPU.ActiveCfg = Release|Any CPU
		{C6D7E8F9-0123-4567-89AB-234567F01234}.Release|Any CPU.Build.0 = Release|Any CPU
		{C6D7E8F9-0123-4567-89AB-234567F01234}.Release|x64.ActiveCfg = Release|Any CPU
		{C6D7E8F9-0123-4567-89AB-234567F01234}.Release|x64.Build.0 = Release|Any CPU
		{C6D7E8F9-0123-4567-89AB-234567F01234}.Release|x86.ActiveCfg = Release|Any CPU
		{C6D7E8F9-0123-4567-89AB-234567F01234}.Release|x86.Build.0 = Release|Any CPU
		{D7E8F901-2345-6789-ABCD-34567801234B}.Debug|Any CPU.ActiveCfg = Debug|Any CPU
		{D7E8F901-2345-6789-ABCD-34567801234B}.Debug|Any CPU.Build.0 = Debug|Any CPU
		{D7E8F901-2345-6789-ABCD-34567801234B}.Debug|x64.ActiveCfg = Debug|Any CPU
		{D7E8F901-2345-6789-ABCD-34567801234B}.Debug|x64.Build.0 = Debug|Any CPU
		{D7E8F901-2345-6789-ABCD-34567801234B}.Debug|x86.ActiveCfg = Debug|Any CPU
		{D7E8F901-2345-6789-ABCD-34567801234B}.Debug|x86.Build.0 = Debug|Any CPU
		{D7E8F901-2345-6789-ABCD-34567801234B}.Release|Any CPU.ActiveCfg = Release|Any CPU
		{D7E8F901-2345-6789-ABCD-34567801234B}.Release|Any CPU.Build.0 = Release|Any CPU
		{D7E8F901-2345-6789-ABCD-34567801234B}.Release|x64.ActiveCfg = Release|Any CPU
		{D7E8F901-2345-6789-ABCD-34567801234B}.Release|x64.Build.0 = Release|Any CPU
		{D7E8F901-2345-6789-ABCD-34567801234B}.Release|x86.ActiveCfg = Release|Any CPU
		{D7E8F901-2345-6789-ABCD-34567801234B}.Release|x86.Build.0 = Release|Any CPU
	EndGlobalSection
	GlobalSection(SolutionProperties) = preSolution
		HideSolutionNode = FALSE
	EndGlobalSection
	GlobalSection(NestedProjects) = preSolution
		{584CCF0B-E71C-41ED-B7DA-BF2932CD6E21} = {827E0CD3-B72D-47B6-A68D-7590B98EB39B}
		{374B8450-DA3C-4AB2-89B8-D082E938D05B} = {827E0CD3-B72D-47B6-A68D-7590B98EB39B}
		{26F1F7E4-36B1-44F3-906A-4B2B7E12BE89} = {827E0CD3-B72D-47B6-A68D-7590B98EB39B}
		{89F7F56C-4CED-4200-B364-FD9755B49F3C} = {827E0CD3-B72D-47B6-A68D-7590B98EB39B}
		{62613F9B-4439-4708-8AD6-A5F8AB959AF9} = {827E0CD3-B72D-47B6-A68D-7590B98EB39B}
		{5F5B5625-BDFA-45C5-82C5-D48181B1E8AC} = {827E0CD3-B72D-47B6-A68D-7590B98EB39B}
		{92CED202-8512-48D8-94A6-40FA86DBA809} = {827E0CD3-B72D-47B6-A68D-7590B98EB39B}
		{D1E2F3A4-B5C6-7890-1234-567890ABCDEF} = {A1B2C3D4-E5F6-7890-ABCD-EF1234567890}
		{E2F3A4B5-C6D7-8901-2345-678901BCDEF0} = {A1B2C3D4-E5F6-7890-ABCD-EF1234567890}
		{F3A4B5C6-D7E8-9012-3456-789012CDEF01} = {A1B2C3D4-E5F6-7890-ABCD-EF1234567890}
		{A4B5C6D7-E8F9-0123-4567-890123DEF012} = {A1B2C3D4-E5F6-7890-ABCD-EF1234567890}
		{B5C6D7E8-F901-2345-6789-01234EF0123A} = {A1B2C3D4-E5F6-7890-ABCD-EF1234567890}
		{C6D7E8F9-0123-4567-89AB-234567F01234} = {A1B2C3D4-E5F6-7890-ABCD-EF1234567890}
		{D7E8F901-2345-6789-ABCD-34567801234B} = {A1B2C3D4-E5F6-7890-ABCD-EF1234567890}
	EndGlobalSection
EndGlobal
